// !$*UTF8*$!
{
	archiveVersion = 1;
	classes = {
	};
	objectVersion = 56;
	objects = {

/* Begin PBXBuildFile section */
		640161BF2C3FEF1400BCF9D9 /* MainScreenPresenter.swift in Sources */ = {isa = PBXBuildFile; fileRef = 640161BB2C3FEF1400BCF9D9 /* MainScreenPresenter.swift */; };
		640161C02C3FEF1400BCF9D9 /* MainScreenAssembly.swift in Sources */ = {isa = PBXBuildFile; fileRef = 640161BC2C3FEF1400BCF9D9 /* MainScreenAssembly.swift */; };
		640161C12C3FEF1400BCF9D9 /* MainScreenInteractor.swift in Sources */ = {isa = PBXBuildFile; fileRef = 640161BD2C3FEF1400BCF9D9 /* MainScreenInteractor.swift */; };
		640161C22C3FEF1400BCF9D9 /* MainScreenView.swift in Sources */ = {isa = PBXBuildFile; fileRef = 640161BE2C3FEF1400BCF9D9 /* MainScreenView.swift */; };
		640161C62C3FEFF300BCF9D9 /* Coordinator.swift in Sources */ = {isa = PBXBuildFile; fileRef = 640161C52C3FEFF300BCF9D9 /* Coordinator.swift */; };
		640161C82C3FF18E00BCF9D9 /* MainScreenCoordinator.swift in Sources */ = {isa = PBXBuildFile; fileRef = 640161C72C3FF18E00BCF9D9 /* MainScreenCoordinator.swift */; };
		640161CA2C3FF38300BCF9D9 /* TabBarCoordinator.swift in Sources */ = {isa = PBXBuildFile; fileRef = 640161C92C3FF38300BCF9D9 /* TabBarCoordinator.swift */; };
		640161D72C3FF5FD00BCF9D9 /* AppAssembly.swift in Sources */ = {isa = PBXBuildFile; fileRef = 640161D62C3FF5FD00BCF9D9 /* AppAssembly.swift */; };
		640161DA2C428C5800BCF9D9 /* CustomTableViewCell.swift in Sources */ = {isa = PBXBuildFile; fileRef = 640161D92C428C5800BCF9D9 /* CustomTableViewCell.swift */; };
		640161DC2C428D5C00BCF9D9 /* CustomCell.swift in Sources */ = {isa = PBXBuildFile; fileRef = 640161DB2C428D5C00BCF9D9 /* CustomCell.swift */; };
		640161DE2C42906900BCF9D9 /* CustomTableView.swift in Sources */ = {isa = PBXBuildFile; fileRef = 640161DD2C42906800BCF9D9 /* CustomTableView.swift */; };
		640161E12C42B2BA00BCF9D9 /* Network.swift in Sources */ = {isa = PBXBuildFile; fileRef = 640161E02C42B2BA00BCF9D9 /* Network.swift */; };
		640161E42C43DB0C00BCF9D9 /* CGFloat + Extension.swift in Sources */ = {isa = PBXBuildFile; fileRef = 640161E32C43DB0C00BCF9D9 /* CGFloat + Extension.swift */; };
		640161E62C43DB1E00BCF9D9 /* UIColor + Extension.swift in Sources */ = {isa = PBXBuildFile; fileRef = 640161E52C43DB1E00BCF9D9 /* UIColor + Extension.swift */; };
		647D46D02C3EB4B300071705 /* AppDelegate.swift in Sources */ = {isa = PBXBuildFile; fileRef = 647D46CF2C3EB4B300071705 /* AppDelegate.swift */; };
		647D46D22C3EB4B300071705 /* SceneDelegate.swift in Sources */ = {isa = PBXBuildFile; fileRef = 647D46D12C3EB4B300071705 /* SceneDelegate.swift */; };
		647D46D92C3EB4B500071705 /* Assets.xcassets in Resources */ = {isa = PBXBuildFile; fileRef = 647D46D82C3EB4B500071705 /* Assets.xcassets */; };
		647D46DC2C3EB4B500071705 /* Base in Resources */ = {isa = PBXBuildFile; fileRef = 647D46DB2C3EB4B500071705 /* Base */; };
		647D46E72C3EB4B500071705 /* MovieAggregatorTests.swift in Sources */ = {isa = PBXBuildFile; fileRef = 647D46E62C3EB4B500071705 /* MovieAggregatorTests.swift */; };
		647D46F12C3EB4B500071705 /* MovieAggregatorUITests.swift in Sources */ = {isa = PBXBuildFile; fileRef = 647D46F02C3EB4B500071705 /* MovieAggregatorUITests.swift */; };
		647D46F32C3EB4B500071705 /* MovieAggregatorUITestsLaunchTests.swift in Sources */ = {isa = PBXBuildFile; fileRef = 647D46F22C3EB4B500071705 /* MovieAggregatorUITestsLaunchTests.swift */; };
/* End PBXBuildFile section */

/* Begin PBXContainerItemProxy section */
		647D46E32C3EB4B500071705 /* PBXContainerItemProxy */ = {
			isa = PBXContainerItemProxy;
			containerPortal = 647D46C42C3EB4B300071705 /* Project object */;
			proxyType = 1;
			remoteGlobalIDString = 647D46CB2C3EB4B300071705;
			remoteInfo = MovieAggregator;
		};
		647D46ED2C3EB4B500071705 /* PBXContainerItemProxy */ = {
			isa = PBXContainerItemProxy;
			containerPortal = 647D46C42C3EB4B300071705 /* Project object */;
			proxyType = 1;
			remoteGlobalIDString = 647D46CB2C3EB4B300071705;
			remoteInfo = MovieAggregator;
		};
/* End PBXContainerItemProxy section */

/* Begin PBXFileReference section */
		640161BB2C3FEF1400BCF9D9 /* MainScreenPresenter.swift */ = {isa = PBXFileReference; lastKnownFileType = sourcecode.swift; path = MainScreenPresenter.swift; sourceTree = "<group>"; };
		640161BC2C3FEF1400BCF9D9 /* MainScreenAssembly.swift */ = {isa = PBXFileReference; lastKnownFileType = sourcecode.swift; path = MainScreenAssembly.swift; sourceTree = "<group>"; };
		640161BD2C3FEF1400BCF9D9 /* MainScreenInteractor.swift */ = {isa = PBXFileReference; lastKnownFileType = sourcecode.swift; path = MainScreenInteractor.swift; sourceTree = "<group>"; };
		640161BE2C3FEF1400BCF9D9 /* MainScreenView.swift */ = {isa = PBXFileReference; lastKnownFileType = sourcecode.swift; path = MainScreenView.swift; sourceTree = "<group>"; };
		640161C52C3FEFF300BCF9D9 /* Coordinator.swift */ = {isa = PBXFileReference; lastKnownFileType = sourcecode.swift; path = Coordinator.swift; sourceTree = "<group>"; };
		640161C72C3FF18E00BCF9D9 /* MainScreenCoordinator.swift */ = {isa = PBXFileReference; lastKnownFileType = sourcecode.swift; path = MainScreenCoordinator.swift; sourceTree = "<group>"; };
		640161C92C3FF38300BCF9D9 /* TabBarCoordinator.swift */ = {isa = PBXFileReference; lastKnownFileType = sourcecode.swift; path = TabBarCoordinator.swift; sourceTree = "<group>"; };
		640161D62C3FF5FD00BCF9D9 /* AppAssembly.swift */ = {isa = PBXFileReference; lastKnownFileType = sourcecode.swift; path = AppAssembly.swift; sourceTree = "<group>"; };
		640161D92C428C5800BCF9D9 /* CustomTableViewCell.swift */ = {isa = PBXFileReference; lastKnownFileType = sourcecode.swift; path = CustomTableViewCell.swift; sourceTree = "<group>"; };
		640161DB2C428D5C00BCF9D9 /* CustomCell.swift */ = {isa = PBXFileReference; lastKnownFileType = sourcecode.swift; path = CustomCell.swift; sourceTree = "<group>"; };
		640161DD2C42906800BCF9D9 /* CustomTableView.swift */ = {isa = PBXFileReference; lastKnownFileType = sourcecode.swift; path = CustomTableView.swift; sourceTree = "<group>"; };
		640161E02C42B2BA00BCF9D9 /* Network.swift */ = {isa = PBXFileReference; lastKnownFileType = sourcecode.swift; path = Network.swift; sourceTree = "<group>"; };
		640161E32C43DB0C00BCF9D9 /* CGFloat + Extension.swift */ = {isa = PBXFileReference; lastKnownFileType = sourcecode.swift; path = "CGFloat + Extension.swift"; sourceTree = "<group>"; };
		640161E52C43DB1E00BCF9D9 /* UIColor + Extension.swift */ = {isa = PBXFileReference; lastKnownFileType = sourcecode.swift; path = "UIColor + Extension.swift"; sourceTree = "<group>"; };
		647D46CC2C3EB4B300071705 /* MovieAggregator.app */ = {isa = PBXFileReference; explicitFileType = wrapper.application; includeInIndex = 0; path = MovieAggregator.app; sourceTree = BUILT_PRODUCTS_DIR; };
		647D46CF2C3EB4B300071705 /* AppDelegate.swift */ = {isa = PBXFileReference; lastKnownFileType = sourcecode.swift; path = AppDelegate.swift; sourceTree = "<group>"; };
		647D46D12C3EB4B300071705 /* SceneDelegate.swift */ = {isa = PBXFileReference; lastKnownFileType = sourcecode.swift; path = SceneDelegate.swift; sourceTree = "<group>"; };
		647D46D82C3EB4B500071705 /* Assets.xcassets */ = {isa = PBXFileReference; lastKnownFileType = folder.assetcatalog; path = Assets.xcassets; sourceTree = "<group>"; };
		647D46DB2C3EB4B500071705 /* Base */ = {isa = PBXFileReference; lastKnownFileType = file.storyboard; name = Base; path = Base.lproj/LaunchScreen.storyboard; sourceTree = "<group>"; };
		647D46DD2C3EB4B500071705 /* Info.plist */ = {isa = PBXFileReference; lastKnownFileType = text.plist.xml; path = Info.plist; sourceTree = "<group>"; };
		647D46E22C3EB4B500071705 /* MovieAggregatorTests.xctest */ = {isa = PBXFileReference; explicitFileType = wrapper.cfbundle; includeInIndex = 0; path = MovieAggregatorTests.xctest; sourceTree = BUILT_PRODUCTS_DIR; };
		647D46E62C3EB4B500071705 /* MovieAggregatorTests.swift */ = {isa = PBXFileReference; lastKnownFileType = sourcecode.swift; path = MovieAggregatorTests.swift; sourceTree = "<group>"; };
		647D46EC2C3EB4B500071705 /* MovieAggregatorUITests.xctest */ = {isa = PBXFileReference; explicitFileType = wrapper.cfbundle; includeInIndex = 0; path = MovieAggregatorUITests.xctest; sourceTree = BUILT_PRODUCTS_DIR; };
		647D46F02C3EB4B500071705 /* MovieAggregatorUITests.swift */ = {isa = PBXFileReference; lastKnownFileType = sourcecode.swift; path = MovieAggregatorUITests.swift; sourceTree = "<group>"; };
		647D46F22C3EB4B500071705 /* MovieAggregatorUITestsLaunchTests.swift */ = {isa = PBXFileReference; lastKnownFileType = sourcecode.swift; path = MovieAggregatorUITestsLaunchTests.swift; sourceTree = "<group>"; };
/* End PBXFileReference section */

/* Begin PBXFrameworksBuildPhase section */
		647D46C92C3EB4B300071705 /* Frameworks */ = {
			isa = PBXFrameworksBuildPhase;
			buildActionMask = 2147483647;
			files = (
			);
			runOnlyForDeploymentPostprocessing = 0;
		};
		647D46DF2C3EB4B500071705 /* Frameworks */ = {
			isa = PBXFrameworksBuildPhase;
			buildActionMask = 2147483647;
			files = (
			);
			runOnlyForDeploymentPostprocessing = 0;
		};
		647D46E92C3EB4B500071705 /* Frameworks */ = {
			isa = PBXFrameworksBuildPhase;
			buildActionMask = 2147483647;
			files = (
			);
			runOnlyForDeploymentPostprocessing = 0;
		};
/* End PBXFrameworksBuildPhase section */

/* Begin PBXGroup section */
		640161C42C3FEFDE00BCF9D9 /* Coordinators */ = {
			isa = PBXGroup;
			children = (
				640161C52C3FEFF300BCF9D9 /* Coordinator.swift */,
				640161C92C3FF38300BCF9D9 /* TabBarCoordinator.swift */,
				640161C72C3FF18E00BCF9D9 /* MainScreenCoordinator.swift */,
			);
			path = Coordinators;
			sourceTree = "<group>";
		};
		640161D52C3FF5E700BCF9D9 /* Application */ = {
			isa = PBXGroup;
			children = (
				647D46CF2C3EB4B300071705 /* AppDelegate.swift */,
				647D46D12C3EB4B300071705 /* SceneDelegate.swift */,
				640161D62C3FF5FD00BCF9D9 /* AppAssembly.swift */,
			);
			path = Application;
			sourceTree = "<group>";
		};
		640161D82C428C3500BCF9D9 /* Views */ = {
			isa = PBXGroup;
			children = (
				640161D92C428C5800BCF9D9 /* CustomTableViewCell.swift */,
				640161DB2C428D5C00BCF9D9 /* CustomCell.swift */,
				640161DD2C42906800BCF9D9 /* CustomTableView.swift */,
			);
			path = Views;
			sourceTree = "<group>";
		};
		640161DF2C42B2A000BCF9D9 /* Networking */ = {
			isa = PBXGroup;
			children = (
				640161E02C42B2BA00BCF9D9 /* Network.swift */,
			);
			path = Networking;
			sourceTree = "<group>";
		};
		640161E22C43DAEA00BCF9D9 /* Helpers */ = {
			isa = PBXGroup;
			children = (
				640161E32C43DB0C00BCF9D9 /* CGFloat + Extension.swift */,
				640161E52C43DB1E00BCF9D9 /* UIColor + Extension.swift */,
			);
			path = Helpers;
			sourceTree = "<group>";
		};
		647D46C32C3EB4B300071705 = {
			isa = PBXGroup;
			children = (
				647D46CE2C3EB4B300071705 /* MovieAggregator */,
				647D46E52C3EB4B500071705 /* MovieAggregatorTests */,
				647D46EF2C3EB4B500071705 /* MovieAggregatorUITests */,
				647D46CD2C3EB4B300071705 /* Products */,
			);
			sourceTree = "<group>";
		};
		647D46CD2C3EB4B300071705 /* Products */ = {
			isa = PBXGroup;
			children = (
				647D46CC2C3EB4B300071705 /* MovieAggregator.app */,
				647D46E22C3EB4B500071705 /* MovieAggregatorTests.xctest */,
				647D46EC2C3EB4B500071705 /* MovieAggregatorUITests.xctest */,
			);
			name = Products;
			sourceTree = "<group>";
		};
		647D46CE2C3EB4B300071705 /* MovieAggregator */ = {
			isa = PBXGroup;
			children = (
				640161D52C3FF5E700BCF9D9 /* Application */,
				640161DF2C42B2A000BCF9D9 /* Networking */,
				640161E22C43DAEA00BCF9D9 /* Helpers */,
				647D46FF2C3EB5A800071705 /* MainModule */,
				640161C42C3FEFDE00BCF9D9 /* Coordinators */,
				640161D82C428C3500BCF9D9 /* Views */,
				647D46D82C3EB4B500071705 /* Assets.xcassets */,
				647D46DA2C3EB4B500071705 /* LaunchScreen.storyboard */,
				647D46DD2C3EB4B500071705 /* Info.plist */,
			);
			path = MovieAggregator;
			sourceTree = "<group>";
		};
		647D46E52C3EB4B500071705 /* MovieAggregatorTests */ = {
			isa = PBXGroup;
			children = (
				647D46E62C3EB4B500071705 /* MovieAggregatorTests.swift */,
			);
			path = MovieAggregatorTests;
			sourceTree = "<group>";
		};
		647D46EF2C3EB4B500071705 /* MovieAggregatorUITests */ = {
			isa = PBXGroup;
			children = (
				647D46F02C3EB4B500071705 /* MovieAggregatorUITests.swift */,
				647D46F22C3EB4B500071705 /* MovieAggregatorUITestsLaunchTests.swift */,
			);
			path = MovieAggregatorUITests;
			sourceTree = "<group>";
		};
		647D46FF2C3EB5A800071705 /* MainModule */ = {
			isa = PBXGroup;
			children = (
				640161BB2C3FEF1400BCF9D9 /* MainScreenPresenter.swift */,
				640161BC2C3FEF1400BCF9D9 /* MainScreenAssembly.swift */,
				640161BD2C3FEF1400BCF9D9 /* MainScreenInteractor.swift */,
				640161BE2C3FEF1400BCF9D9 /* MainScreenView.swift */,
			);
			path = MainModule;
			sourceTree = "<group>";
		};
/* End PBXGroup section */

/* Begin PBXNativeTarget section */
		647D46CB2C3EB4B300071705 /* MovieAggregator */ = {
			isa = PBXNativeTarget;
			buildConfigurationList = 647D46F62C3EB4B500071705 /* Build configuration list for PBXNativeTarget "MovieAggregator" */;
			buildPhases = (
				647D46C82C3EB4B300071705 /* Sources */,
				647D46C92C3EB4B300071705 /* Frameworks */,
				647D46CA2C3EB4B300071705 /* Resources */,
			);
			buildRules = (
			);
			dependencies = (
			);
			name = MovieAggregator;
			productName = MovieAggregator;
			productReference = 647D46CC2C3EB4B300071705 /* MovieAggregator.app */;
			productType = "com.apple.product-type.application";
		};
		647D46E12C3EB4B500071705 /* MovieAggregatorTests */ = {
			isa = PBXNativeTarget;
			buildConfigurationList = 647D46F92C3EB4B500071705 /* Build configuration list for PBXNativeTarget "MovieAggregatorTests" */;
			buildPhases = (
				647D46DE2C3EB4B500071705 /* Sources */,
				647D46DF2C3EB4B500071705 /* Frameworks */,
				647D46E02C3EB4B500071705 /* Resources */,
			);
			buildRules = (
			);
			dependencies = (
				647D46E42C3EB4B500071705 /* PBXTargetDependency */,
			);
			name = MovieAggregatorTests;
			productName = MovieAggregatorTests;
			productReference = 647D46E22C3EB4B500071705 /* MovieAggregatorTests.xctest */;
			productType = "com.apple.product-type.bundle.unit-test";
		};
		647D46EB2C3EB4B500071705 /* MovieAggregatorUITests */ = {
			isa = PBXNativeTarget;
			buildConfigurationList = 647D46FC2C3EB4B500071705 /* Build configuration list for PBXNativeTarget "MovieAggregatorUITests" */;
			buildPhases = (
				647D46E82C3EB4B500071705 /* Sources */,
				647D46E92C3EB4B500071705 /* Frameworks */,
				647D46EA2C3EB4B500071705 /* Resources */,
			);
			buildRules = (
			);
			dependencies = (
				647D46EE2C3EB4B500071705 /* PBXTargetDependency */,
			);
			name = MovieAggregatorUITests;
			productName = MovieAggregatorUITests;
			productReference = 647D46EC2C3EB4B500071705 /* MovieAggregatorUITests.xctest */;
			productType = "com.apple.product-type.bundle.ui-testing";
		};
/* End PBXNativeTarget section */

/* Begin PBXProject section */
		647D46C42C3EB4B300071705 /* Project object */ = {
			isa = PBXProject;
			attributes = {
				BuildIndependentTargetsInParallel = 1;
				LastSwiftUpdateCheck = 1530;
				LastUpgradeCheck = 1530;
				TargetAttributes = {
					647D46CB2C3EB4B300071705 = {
						CreatedOnToolsVersion = 15.3;
					};
					647D46E12C3EB4B500071705 = {
						CreatedOnToolsVersion = 15.3;
						TestTargetID = 647D46CB2C3EB4B300071705;
					};
					647D46EB2C3EB4B500071705 = {
						CreatedOnToolsVersion = 15.3;
						TestTargetID = 647D46CB2C3EB4B300071705;
					};
				};
			};
			buildConfigurationList = 647D46C72C3EB4B300071705 /* Build configuration list for PBXProject "MovieAggregator" */;
			compatibilityVersion = "Xcode 14.0";
			developmentRegion = en;
			hasScannedForEncodings = 0;
			knownRegions = (
				en,
				Base,
			);
			mainGroup = 647D46C32C3EB4B300071705;
			productRefGroup = 647D46CD2C3EB4B300071705 /* Products */;
			projectDirPath = "";
			projectRoot = "";
			targets = (
				647D46CB2C3EB4B300071705 /* MovieAggregator */,
				647D46E12C3EB4B500071705 /* MovieAggregatorTests */,
				647D46EB2C3EB4B500071705 /* MovieAggregatorUITests */,
			);
		};
/* End PBXProject section */

/* Begin PBXResourcesBuildPhase section */
		647D46CA2C3EB4B300071705 /* Resources */ = {
			isa = PBXResourcesBuildPhase;
			buildActionMask = 2147483647;
			files = (
				647D46D92C3EB4B500071705 /* Assets.xcassets in Resources */,
				647D46DC2C3EB4B500071705 /* Base in Resources */,
			);
			runOnlyForDeploymentPostprocessing = 0;
		};
		647D46E02C3EB4B500071705 /* Resources */ = {
			isa = PBXResourcesBuildPhase;
			buildActionMask = 2147483647;
			files = (
			);
			runOnlyForDeploymentPostprocessing = 0;
		};
		647D46EA2C3EB4B500071705 /* Resources */ = {
			isa = PBXResourcesBuildPhase;
			buildActionMask = 2147483647;
			files = (
			);
			runOnlyForDeploymentPostprocessing = 0;
		};
/* End PBXResourcesBuildPhase section */

/* Begin PBXSourcesBuildPhase section */
		647D46C82C3EB4B300071705 /* Sources */ = {
			isa = PBXSourcesBuildPhase;
			buildActionMask = 2147483647;
			files = (
				640161E42C43DB0C00BCF9D9 /* CGFloat + Extension.swift in Sources */,
				640161DE2C42906900BCF9D9 /* CustomTableView.swift in Sources */,
				640161C62C3FEFF300BCF9D9 /* Coordinator.swift in Sources */,
				647D46D02C3EB4B300071705 /* AppDelegate.swift in Sources */,
				640161DA2C428C5800BCF9D9 /* CustomTableViewCell.swift in Sources */,
				647D46D22C3EB4B300071705 /* SceneDelegate.swift in Sources */,
				640161BF2C3FEF1400BCF9D9 /* MainScreenPresenter.swift in Sources */,
				640161C02C3FEF1400BCF9D9 /* MainScreenAssembly.swift in Sources */,
				640161C82C3FF18E00BCF9D9 /* MainScreenCoordinator.swift in Sources */,
				640161E62C43DB1E00BCF9D9 /* UIColor + Extension.swift in Sources */,
				640161C12C3FEF1400BCF9D9 /* MainScreenInteractor.swift in Sources */,
				640161D72C3FF5FD00BCF9D9 /* AppAssembly.swift in Sources */,
				640161CA2C3FF38300BCF9D9 /* TabBarCoordinator.swift in Sources */,
				640161DC2C428D5C00BCF9D9 /* CustomCell.swift in Sources */,
				640161E12C42B2BA00BCF9D9 /* Network.swift in Sources */,
				640161C22C3FEF1400BCF9D9 /* MainScreenView.swift in Sources */,
			);
			runOnlyForDeploymentPostprocessing = 0;
		};
		647D46DE2C3EB4B500071705 /* Sources */ = {
			isa = PBXSourcesBuildPhase;
			buildActionMask = 2147483647;
			files = (
				647D46E72C3EB4B500071705 /* MovieAggregatorTests.swift in Sources */,
			);
			runOnlyForDeploymentPostprocessing = 0;
		};
		647D46E82C3EB4B500071705 /* Sources */ = {
			isa = PBXSourcesBuildPhase;
			buildActionMask = 2147483647;
			files = (
				647D46F32C3EB4B500071705 /* MovieAggregatorUITestsLaunchTests.swift in Sources */,
				647D46F12C3EB4B500071705 /* MovieAggregatorUITests.swift in Sources */,
			);
			runOnlyForDeploymentPostprocessing = 0;
		};
/* End PBXSourcesBuildPhase section */

/* Begin PBXTargetDependency section */
		647D46E42C3EB4B500071705 /* PBXTargetDependency */ = {
			isa = PBXTargetDependency;
			target = 647D46CB2C3EB4B300071705 /* MovieAggregator */;
			targetProxy = 647D46E32C3EB4B500071705 /* PBXContainerItemProxy */;
		};
		647D46EE2C3EB4B500071705 /* PBXTargetDependency */ = {
			isa = PBXTargetDependency;
			target = 647D46CB2C3EB4B300071705 /* MovieAggregator */;
			targetProxy = 647D46ED2C3EB4B500071705 /* PBXContainerItemProxy */;
		};
/* End PBXTargetDependency section */

/* Begin PBXVariantGroup section */
		647D46DA2C3EB4B500071705 /* LaunchScreen.storyboard */ = {
			isa = PBXVariantGroup;
			children = (
				647D46DB2C3EB4B500071705 /* Base */,
			);
			name = LaunchScreen.storyboard;
			sourceTree = "<group>";
		};
/* End PBXVariantGroup section */

/* Begin XCBuildConfiguration section */
		647D46F42C3EB4B500071705 /* Debug */ = {
			isa = XCBuildConfiguration;
			buildSettings = {
				ALWAYS_SEARCH_USER_PATHS = NO;
				ASSETCATALOG_COMPILER_GENERATE_SWIFT_ASSET_SYMBOL_EXTENSIONS = YES;
				CLANG_ANALYZER_NONNULL = YES;
				CLANG_ANALYZER_NUMBER_OBJECT_CONVERSION = YES_AGGRESSIVE;
				CLANG_CXX_LANGUAGE_STANDARD = "gnu++20";
				CLANG_ENABLE_MODULES = YES;
				CLANG_ENABLE_OBJC_ARC = YES;
				CLANG_ENABLE_OBJC_WEAK = YES;
				CLANG_WARN_BLOCK_CAPTURE_AUTORELEASING = YES;
				CLANG_WARN_BOOL_CONVERSION = YES;
				CLANG_WARN_COMMA = YES;
				CLANG_WARN_CONSTANT_CONVERSION = YES;
				CLANG_WARN_DEPRECATED_OBJC_IMPLEMENTATIONS = YES;
				CLANG_WARN_DIRECT_OBJC_ISA_USAGE = YES_ERROR;
				CLANG_WARN_DOCUMENTATION_COMMENTS = YES;
				CLANG_WARN_EMPTY_BODY = YES;
				CLANG_WARN_ENUM_CONVERSION = YES;
				CLANG_WARN_INFINITE_RECURSION = YES;
				CLANG_WARN_INT_CONVERSION = YES;
				CLANG_WARN_NON_LITERAL_NULL_CONVERSION = YES;
				CLANG_WARN_OBJC_IMPLICIT_RETAIN_SELF = YES;
				CLANG_WARN_OBJC_LITERAL_CONVERSION = YES;
				CLANG_WARN_OBJC_ROOT_CLASS = YES_ERROR;
				CLANG_WARN_QUOTED_INCLUDE_IN_FRAMEWORK_HEADER = YES;
				CLANG_WARN_RANGE_LOOP_ANALYSIS = YES;
				CLANG_WARN_STRICT_PROTOTYPES = YES;
				CLANG_WARN_SUSPICIOUS_MOVE = YES;
				CLANG_WARN_UNGUARDED_AVAILABILITY = YES_AGGRESSIVE;
				CLANG_WARN_UNREACHABLE_CODE = YES;
				CLANG_WARN__DUPLICATE_METHOD_MATCH = YES;
				COPY_PHASE_STRIP = NO;
				DEBUG_INFORMATION_FORMAT = dwarf;
				ENABLE_STRICT_OBJC_MSGSEND = YES;
				ENABLE_TESTABILITY = YES;
				ENABLE_USER_SCRIPT_SANDBOXING = YES;
				GCC_C_LANGUAGE_STANDARD = gnu17;
				GCC_DYNAMIC_NO_PIC = NO;
				GCC_NO_COMMON_BLOCKS = YES;
				GCC_OPTIMIZATION_LEVEL = 0;
				GCC_PREPROCESSOR_DEFINITIONS = (
					"DEBUG=1",
					"$(inherited)",
				);
				GCC_WARN_64_TO_32_BIT_CONVERSION = YES;
				GCC_WARN_ABOUT_RETURN_TYPE = YES_ERROR;
				GCC_WARN_UNDECLARED_SELECTOR = YES;
				GCC_WARN_UNINITIALIZED_AUTOS = YES_AGGRESSIVE;
				GCC_WARN_UNUSED_FUNCTION = YES;
				GCC_WARN_UNUSED_VARIABLE = YES;
				IPHONEOS_DEPLOYMENT_TARGET = 17.4;
				LOCALIZATION_PREFERS_STRING_CATALOGS = YES;
				MTL_ENABLE_DEBUG_INFO = INCLUDE_SOURCE;
				MTL_FAST_MATH = YES;
				ONLY_ACTIVE_ARCH = YES;
				SDKROOT = iphoneos;
				SWIFT_ACTIVE_COMPILATION_CONDITIONS = "DEBUG $(inherited)";
				SWIFT_OPTIMIZATION_LEVEL = "-Onone";
			};
			name = Debug;
		};
		647D46F52C3EB4B500071705 /* Release */ = {
			isa = XCBuildConfiguration;
			buildSettings = {
				ALWAYS_SEARCH_USER_PATHS = NO;
				ASSETCATALOG_COMPILER_GENERATE_SWIFT_ASSET_SYMBOL_EXTENSIONS = YES;
				CLANG_ANALYZER_NONNULL = YES;
				CLANG_ANALYZER_NUMBER_OBJECT_CONVERSION = YES_AGGRESSIVE;
				CLANG_CXX_LANGUAGE_STANDARD = "gnu++20";
				CLANG_ENABLE_MODULES = YES;
				CLANG_ENABLE_OBJC_ARC = YES;
				CLANG_ENABLE_OBJC_WEAK = YES;
				CLANG_WARN_BLOCK_CAPTURE_AUTORELEASING = YES;
				CLANG_WARN_BOOL_CONVERSION = YES;
				CLANG_WARN_COMMA = YES;
				CLANG_WARN_CONSTANT_CONVERSION = YES;
				CLANG_WARN_DEPRECATED_OBJC_IMPLEMENTATIONS = YES;
				CLANG_WARN_DIRECT_OBJC_ISA_USAGE = YES_ERROR;
				CLANG_WARN_DOCUMENTATION_COMMENTS = YES;
				CLANG_WARN_EMPTY_BODY = YES;
				CLANG_WARN_ENUM_CONVERSION = YES;
				CLANG_WARN_INFINITE_RECURSION = YES;
				CLANG_WARN_INT_CONVERSION = YES;
				CLANG_WARN_NON_LITERAL_NULL_CONVERSION = YES;
				CLANG_WARN_OBJC_IMPLICIT_RETAIN_SELF = YES;
				CLANG_WARN_OBJC_LITERAL_CONVERSION = YES;
				CLANG_WARN_OBJC_ROOT_CLASS = YES_ERROR;
				CLANG_WARN_QUOTED_INCLUDE_IN_FRAMEWORK_HEADER = YES;
				CLANG_WARN_RANGE_LOOP_ANALYSIS = YES;
				CLANG_WARN_STRICT_PROTOTYPES = YES;
				CLANG_WARN_SUSPICIOUS_MOVE = YES;
				CLANG_WARN_UNGUARDED_AVAILABILITY = YES_AGGRESSIVE;
				CLANG_WARN_UNREACHABLE_CODE = YES;
				CLANG_WARN__DUPLICATE_METHOD_MATCH = YES;
				COPY_PHASE_STRIP = NO;
				DEBUG_INFORMATION_FORMAT = "dwarf-with-dsym";
				ENABLE_NS_ASSERTIONS = NO;
				ENABLE_STRICT_OBJC_MSGSEND = YES;
				ENABLE_USER_SCRIPT_SANDBOXING = YES;
				GCC_C_LANGUAGE_STANDARD = gnu17;
				GCC_NO_COMMON_BLOCKS = YES;
				GCC_WARN_64_TO_32_BIT_CONVERSION = YES;
				GCC_WARN_ABOUT_RETURN_TYPE = YES_ERROR;
				GCC_WARN_UNDECLARED_SELECTOR = YES;
				GCC_WARN_UNINITIALIZED_AUTOS = YES_AGGRESSIVE;
				GCC_WARN_UNUSED_FUNCTION = YES;
				GCC_WARN_UNUSED_VARIABLE = YES;
				IPHONEOS_DEPLOYMENT_TARGET = 17.4;
				LOCALIZATION_PREFERS_STRING_CATALOGS = YES;
				MTL_ENABLE_DEBUG_INFO = NO;
				MTL_FAST_MATH = YES;
				SDKROOT = iphoneos;
				SWIFT_COMPILATION_MODE = wholemodule;
				VALIDATE_PRODUCT = YES;
			};
			name = Release;
		};
		647D46F72C3EB4B500071705 /* Debug */ = {
			isa = XCBuildConfiguration;
			buildSettings = {
				ASSETCATALOG_COMPILER_APPICON_NAME = AppIcon;
				ASSETCATALOG_COMPILER_GLOBAL_ACCENT_COLOR_NAME = AccentColor;
				CODE_SIGN_STYLE = Automatic;
				CURRENT_PROJECT_VERSION = 1;
				DEVELOPMENT_TEAM = V8ALJCTXD3;
				GENERATE_INFOPLIST_FILE = YES;
				INFOPLIST_FILE = MovieAggregator/Info.plist;
				INFOPLIST_KEY_UIApplicationSupportsIndirectInputEvents = YES;
				INFOPLIST_KEY_UILaunchStoryboardName = LaunchScreen;
				INFOPLIST_KEY_UISupportedInterfaceOrientations_iPad = "UIInterfaceOrientationPortrait UIInterfaceOrientationPortraitUpsideDown UIInterfaceOrientationLandscapeLeft UIInterfaceOrientationLandscapeRight";
				INFOPLIST_KEY_UISupportedInterfaceOrientations_iPhone = "UIInterfaceOrientationPortrait UIInterfaceOrientationLandscapeLeft UIInterfaceOrientationLandscapeRight";
				LD_RUNPATH_SEARCH_PATHS = (
					"$(inherited)",
					"@executable_path/Frameworks",
				);
				MARKETING_VERSION = 1.0;
				PRODUCT_BUNDLE_IDENTIFIER = ClownTeam.MovieAggregator;
				PRODUCT_NAME = "$(TARGET_NAME)";
				SWIFT_EMIT_LOC_STRINGS = YES;
				SWIFT_VERSION = 5.0;
				TARGETED_DEVICE_FAMILY = "1,2";
			};
			name = Debug;
		};
		647D46F82C3EB4B500071705 /* Release */ = {
			isa = XCBuildConfiguration;
			buildSettings = {
				ASSETCATALOG_COMPILER_APPICON_NAME = AppIcon;
				ASSETCATALOG_COMPILER_GLOBAL_ACCENT_COLOR_NAME = AccentColor;
				CODE_SIGN_STYLE = Automatic;
				CURRENT_PROJECT_VERSION = 1;
				DEVELOPMENT_TEAM = V8ALJCTXD3;
				GENERATE_INFOPLIST_FILE = YES;
				INFOPLIST_FILE = MovieAggregator/Info.plist;
				INFOPLIST_KEY_UIApplicationSupportsIndirectInputEvents = YES;
				INFOPLIST_KEY_UILaunchStoryboardName = LaunchScreen;
				INFOPLIST_KEY_UISupportedInterfaceOrientations_iPad = "UIInterfaceOrientationPortrait UIInterfaceOrientationPortraitUpsideDown UIInterfaceOrientationLandscapeLeft UIInterfaceOrientationLandscapeRight";
				INFOPLIST_KEY_UISupportedInterfaceOrientations_iPhone = "UIInterfaceOrientationPortrait UIInterfaceOrientationLandscapeLeft UIInterfaceOrientationLandscapeRight";
				LD_RUNPATH_SEARCH_PATHS = (
					"$(inherited)",
					"@executable_path/Frameworks",
				);
				MARKETING_VERSION = 1.0;
				PRODUCT_BUNDLE_IDENTIFIER = ClownTeam.MovieAggregator;
				PRODUCT_NAME = "$(TARGET_NAME)";
				SWIFT_EMIT_LOC_STRINGS = YES;
				SWIFT_VERSION = 5.0;
				TARGETED_DEVICE_FAMILY = "1,2";
			};
			name = Release;
		};
		647D46FA2C3EB4B500071705 /* Debug */ = {
			isa = XCBuildConfiguration;
			buildSettings = {
				ALWAYS_EMBED_SWIFT_STANDARD_LIBRARIES = YES;
				BUNDLE_LOADER = "$(TEST_HOST)";
				CODE_SIGN_STYLE = Automatic;
				CURRENT_PROJECT_VERSION = 1;
				DEVELOPMENT_TEAM = V8ALJCTXD3;
				GENERATE_INFOPLIST_FILE = YES;
				IPHONEOS_DEPLOYMENT_TARGET = 17.4;
				MARKETING_VERSION = 1.0;
				PRODUCT_BUNDLE_IDENTIFIER = ClownTeam.MovieAggregatorTests;
				PRODUCT_NAME = "$(TARGET_NAME)";
				SWIFT_EMIT_LOC_STRINGS = NO;
				SWIFT_VERSION = 5.0;
				TARGETED_DEVICE_FAMILY = "1,2";
				TEST_HOST = "$(BUILT_PRODUCTS_DIR)/MovieAggregator.app/$(BUNDLE_EXECUTABLE_FOLDER_PATH)/MovieAggregator";
			};
			name = Debug;
		};
		647D46FB2C3EB4B500071705 /* Release */ = {
			isa = XCBuildConfiguration;
			buildSettings = {
				ALWAYS_EMBED_SWIFT_STANDARD_LIBRARIES = YES;
				BUNDLE_LOADER = "$(TEST_HOST)";
				CODE_SIGN_STYLE = Automatic;
				CURRENT_PROJECT_VERSION = 1;
				DEVELOPMENT_TEAM = V8ALJCTXD3;
				GENERATE_INFOPLIST_FILE = YES;
				IPHONEOS_DEPLOYMENT_TARGET = 17.4;
				MARKETING_VERSION = 1.0;
				PRODUCT_BUNDLE_IDENTIFIER = ClownTeam.MovieAggregatorTests;
				PRODUCT_NAME = "$(TARGET_NAME)";
				SWIFT_EMIT_LOC_STRINGS = NO;
				SWIFT_VERSION = 5.0;
				TARGETED_DEVICE_FAMILY = "1,2";
				TEST_HOST = "$(BUILT_PRODUCTS_DIR)/MovieAggregator.app/$(BUNDLE_EXECUTABLE_FOLDER_PATH)/MovieAggregator";
			};
			name = Release;
		};
		647D46FD2C3EB4B500071705 /* Debug */ = {
			isa = XCBuildConfiguration;
			buildSettings = {
				ALWAYS_EMBED_SWIFT_STANDARD_LIBRARIES = YES;
				CODE_SIGN_STYLE = Automatic;
				CURRENT_PROJECT_VERSION = 1;
				DEVELOPMENT_TEAM = V8ALJCTXD3;
				GENERATE_INFOPLIST_FILE = YES;
				MARKETING_VERSION = 1.0;
				PRODUCT_BUNDLE_IDENTIFIER = ClownTeam.MovieAggregatorUITests;
				PRODUCT_NAME = "$(TARGET_NAME)";
				SWIFT_EMIT_LOC_STRINGS = NO;
				SWIFT_VERSION = 5.0;
				TARGETED_DEVICE_FAMILY = "1,2";
				TEST_TARGET_NAME = MovieAggregator;
			};
			name = Debug;
		};
		647D46FE2C3EB4B500071705 /* Release */ = {
			isa = XCBuildConfiguration;
			buildSettings = {
				ALWAYS_EMBED_SWIFT_STANDARD_LIBRARIES = YES;
				CODE_SIGN_STYLE = Automatic;
				CURRENT_PROJECT_VERSION = 1;
				DEVELOPMENT_TEAM = V8ALJCTXD3;
				GENERATE_INFOPLIST_FILE = YES;
				MARKETING_VERSION = 1.0;
				PRODUCT_BUNDLE_IDENTIFIER = ClownTeam.MovieAggregatorUITests;
				PRODUCT_NAME = "$(TARGET_NAME)";
				SWIFT_EMIT_LOC_STRINGS = NO;
				SWIFT_VERSION = 5.0;
				TARGETED_DEVICE_FAMILY = "1,2";
				TEST_TARGET_NAME = MovieAggregator;
			};
			name = Release;
		};
/* End XCBuildConfiguration section */

/* Begin XCConfigurationList section */
		647D46C72C3EB4B300071705 /* Build configuration list for PBXProject "MovieAggregator" */ = {
			isa = XCConfigurationList;
			buildConfigurations = (
				647D46F42C3EB4B500071705 /* Debug */,
				647D46F52C3EB4B500071705 /* Release */,
			);
			defaultConfigurationIsVisible = 0;
			defaultConfigurationName = Release;
		};
		647D46F62C3EB4B500071705 /* Build configuration list for PBXNativeTarget "MovieAggregator" */ = {
			isa = XCConfigurationList;
			buildConfigurations = (
				647D46F72C3EB4B500071705 /* Debug */,
				647D46F82C3EB4B500071705 /* Release */,
			);
			defaultConfigurationIsVisible = 0;
			defaultConfigurationName = Release;
		};
		647D46F92C3EB4B500071705 /* Build configuration list for PBXNativeTarget "MovieAggregatorTests" */ = {
			isa = XCConfigurationList;
			buildConfigurations = (
				647D46FA2C3EB4B500071705 /* Debug */,
				647D46FB2C3EB4B500071705 /* Release */,
			);
			defaultConfigurationIsVisible = 0;
			defaultConfigurationName = Release;
		};
		647D46FC2C3EB4B500071705 /* Build configuration list for PBXNativeTarget "MovieAggregatorUITests" */ = {
			isa = XCConfigurationList;
			buildConfigurations = (
				647D46FD2C3EB4B500071705 /* Debug */,
				647D46FE2C3EB4B500071705 /* Release */,
			);
			defaultConfigurationIsVisible = 0;
			defaultConfigurationName = Release;
		};
/* End XCConfigurationList section */
	};
	rootObject = 647D46C42C3EB4B300071705 /* Project object */;
}
