{
  "originHash" : "dfe4f37722f706002352f4ac958cc8dc817b1ab28aebf953a6f6dd9b57c4ac40",
  "pins" : [
    {
      "identity" : "sdwebimage",
      "kind" : "remoteSourceControl",
      "location" : "https://github.com/SDWebImage/SDWebImage",
      "state" : {
        "revision" : "be0bcd7823ce56629948491f2eaeaa19979514f7",
        "version" : "5.19.4"
      }
    }
  ],
  "version" : 3
}
